// !$*UTF8*$!
{
	archiveVersion = 1;
	classes = {
	};
	objectVersion = 46;
	objects = {

/* Begin PBXBuildFile section */
		014A3B6A1C6CF34500B6D375 /* PrinterBridge.m in Sources */ = {isa = PBXBuildFile; fileRef = 014A3B691C6CF34500B6D375 /* PrinterBridge.m */; };
		3B90BA4220219A3600939438 /* ProgressHUD.m in Sources */ = {isa = PBXBuildFile; fileRef = 3B90BA4120219A3600939438 /* ProgressHUD.m */; };
		3B90BA4620219C2300939438 /* libSimplyPrint-1.5.1.a in Frameworks */ = {isa = PBXBuildFile; fileRef = 3B90BA4520219C2300939438 /* libSimplyPrint-1.5.1.a */; };
		3B90BA492021A83E00939438 /* ReceiptUtility.m in Sources */ = {isa = PBXBuildFile; fileRef = 3B90BA482021A83E00939438 /* ReceiptUtility.m */; };
/* End PBXBuildFile section */

/* Begin PBXCopyFilesBuildPhase section */
		014A3B5A1C6CF33500B6D375 /* CopyFiles */ = {
			isa = PBXCopyFilesBuildPhase;
			buildActionMask = 2147483647;
			dstPath = "include/$(PRODUCT_NAME)";
			dstSubfolderSpec = 16;
			files = (
			);
			runOnlyForDeploymentPostprocessing = 0;
		};
/* End PBXCopyFilesBuildPhase section */

/* Begin PBXFileReference section */
		014A3B5C1C6CF33500B6D375 /* libPrinterBridge.a */ = {isa = PBXFileReference; explicitFileType = archive.ar; includeInIndex = 0; path = libPrinterBridge.a; sourceTree = BUILT_PRODUCTS_DIR; };
		014A3B681C6CF34500B6D375 /* PrinterBridge.h */ = {isa = PBXFileReference; fileEncoding = 4; lastKnownFileType = sourcecode.c.h; path = PrinterBridge.h; sourceTree = "<group>"; };
		014A3B691C6CF34500B6D375 /* PrinterBridge.m */ = {isa = PBXFileReference; fileEncoding = 4; lastKnownFileType = sourcecode.c.objc; path = PrinterBridge.m; sourceTree = "<group>"; };
		3B90BA4020219A3600939438 /* ProgressHUD.h */ = {isa = PBXFileReference; lastKnownFileType = sourcecode.c.h; path = ProgressHUD.h; sourceTree = "<group>"; };
		3B90BA4120219A3600939438 /* ProgressHUD.m */ = {isa = PBXFileReference; lastKnownFileType = sourcecode.c.objc; path = ProgressHUD.m; sourceTree = "<group>"; };
		3B90BA4420219C2300939438 /* SimplyPrintController.h */ = {isa = PBXFileReference; fileEncoding = 4; lastKnownFileType = sourcecode.c.h; path = SimplyPrintController.h; sourceTree = "<group>"; };
		3B90BA4520219C2300939438 /* libSimplyPrint-1.5.1.a */ = {isa = PBXFileReference; lastKnownFileType = archive.ar; path = "libSimplyPrint-1.5.1.a"; sourceTree = "<group>"; };
		3B90BA472021A83E00939438 /* ReceiptUtility.h */ = {isa = PBXFileReference; lastKnownFileType = sourcecode.c.h; path = ReceiptUtility.h; sourceTree = "<group>"; };
		3B90BA482021A83E00939438 /* ReceiptUtility.m */ = {isa = PBXFileReference; lastKnownFileType = sourcecode.c.objc; path = ReceiptUtility.m; sourceTree = "<group>"; };
/* End PBXFileReference section */

/* Begin PBXFrameworksBuildPhase section */
		014A3B591C6CF33500B6D375 /* Frameworks */ = {
			isa = PBXFrameworksBuildPhase;
			buildActionMask = 2147483647;
			files = (
				3B90BA4620219C2300939438 /* libSimplyPrint-1.5.1.a in Frameworks */,
			);
			runOnlyForDeploymentPostprocessing = 0;
		};
/* End PBXFrameworksBuildPhase section */

/* Begin PBXGroup section */
		014A3B531C6CF33500B6D375 = {
			isa = PBXGroup;
			children = (
				014A3B681C6CF34500B6D375 /* PrinterBridge.h */,
				014A3B691C6CF34500B6D375 /* PrinterBridge.m */,
				3B90BA4320219C1600939438 /* Library */,
				014A3B5D1C6CF33500B6D375 /* Products */,
				3B90BA4020219A3600939438 /* ProgressHUD.h */,
				3B90BA4120219A3600939438 /* ProgressHUD.m */,
				3B90BA472021A83E00939438 /* ReceiptUtility.h */,
				3B90BA482021A83E00939438 /* ReceiptUtility.m */,
			);
			sourceTree = "<group>";
		};
		014A3B5D1C6CF33500B6D375 /* Products */ = {
			isa = PBXGroup;
			children = (
				014A3B5C1C6CF33500B6D375 /* libPrinterBridge.a */,
			);
			name = Products;
			sourceTree = "<group>";
		};
		3B90BA4320219C1600939438 /* Library */ = {
			isa = PBXGroup;
			children = (
				3B90BA4520219C2300939438 /* libSimplyPrint-1.5.1.a */,
				3B90BA4420219C2300939438 /* SimplyPrintController.h */,
			);
			path = Library;
			sourceTree = "<group>";
		};
/* End PBXGroup section */

/* Begin PBXNativeTarget section */
		014A3B5B1C6CF33500B6D375 /* PrinterBridge */ = {
			isa = PBXNativeTarget;
			buildConfigurationList = 014A3B651C6CF33500B6D375 /* Build configuration list for PBXNativeTarget "PrinterBridge" */;
			buildPhases = (
				014A3B581C6CF33500B6D375 /* Sources */,
				014A3B591C6CF33500B6D375 /* Frameworks */,
				014A3B5A1C6CF33500B6D375 /* CopyFiles */,
			);
			buildRules = (
			);
			dependencies = (
			);
			name = PrinterBridge;
			productName = RNImagePicker;
			productReference = 014A3B5C1C6CF33500B6D375 /* libPrinterBridge.a */;
			productType = "com.apple.product-type.library.static";
		};
/* End PBXNativeTarget section */

/* Begin PBXProject section */
		014A3B541C6CF33500B6D375 /* Project object */ = {
			isa = PBXProject;
			attributes = {
				LastUpgradeCheck = 0920;
				ORGANIZATIONNAME = "Apex Technology";
				TargetAttributes = {
					014A3B5B1C6CF33500B6D375 = {
						CreatedOnToolsVersion = 7.2.1;
					};
				};
			};
			buildConfigurationList = 014A3B571C6CF33500B6D375 /* Build configuration list for PBXProject "PrinterBridge" */;
			compatibilityVersion = "Xcode 3.2";
			developmentRegion = English;
			hasScannedForEncodings = 0;
			knownRegions = (
				en,
			);
			mainGroup = 014A3B531C6CF33500B6D375;
			productRefGroup = 014A3B5D1C6CF33500B6D375 /* Products */;
			projectDirPath = "";
			projectRoot = "";
			targets = (
				014A3B5B1C6CF33500B6D375 /* PrinterBridge */,
			);
		};
/* End PBXProject section */

/* Begin PBXSourcesBuildPhase section */
		014A3B581C6CF33500B6D375 /* Sources */ = {
			isa = PBXSourcesBuildPhase;
			buildActionMask = 2147483647;
			files = (
				3B90BA4220219A3600939438 /* ProgressHUD.m in Sources */,
				3B90BA492021A83E00939438 /* ReceiptUtility.m in Sources */,
				014A3B6A1C6CF34500B6D375 /* PrinterBridge.m in Sources */,
			);
			runOnlyForDeploymentPostprocessing = 0;
		};
/* End PBXSourcesBuildPhase section */

/* Begin XCBuildConfiguration section */
		014A3B631C6CF33500B6D375 /* Debug */ = {
			isa = XCBuildConfiguration;
			buildSettings = {
				ALWAYS_SEARCH_USER_PATHS = NO;
				CLANG_CXX_LANGUAGE_STANDARD = "gnu++0x";
				CLANG_CXX_LIBRARY = "libc++";
				CLANG_ENABLE_MODULES = YES;
				CLANG_ENABLE_OBJC_ARC = YES;
				CLANG_WARN_BLOCK_CAPTURE_AUTORELEASING = YES;
				CLANG_WARN_BOOL_CONVERSION = YES;
				CLANG_WARN_COMMA = YES;
				CLANG_WARN_CONSTANT_CONVERSION = YES;
				CLANG_WARN_DIRECT_OBJC_ISA_USAGE = YES_ERROR;
				CLANG_WARN_EMPTY_BODY = YES;
				CLANG_WARN_ENUM_CONVERSION = YES;
				CLANG_WARN_INFINITE_RECURSION = YES;
				CLANG_WARN_INT_CONVERSION = YES;
				CLANG_WARN_NON_LITERAL_NULL_CONVERSION = YES;
				CLANG_WARN_OBJC_LITERAL_CONVERSION = YES;
				CLANG_WARN_OBJC_ROOT_CLASS = YES_ERROR;
				CLANG_WARN_RANGE_LOOP_ANALYSIS = YES;
				CLANG_WARN_STRICT_PROTOTYPES = YES;
				CLANG_WARN_SUSPICIOUS_MOVE = YES;
				CLANG_WARN_UNREACHABLE_CODE = YES;
				CLANG_WARN__DUPLICATE_METHOD_MATCH = YES;
				"CODE_SIGN_IDENTITY[sdk=iphoneos*]" = "iPhone Developer";
				COPY_PHASE_STRIP = NO;
				DEBUG_INFORMATION_FORMAT = dwarf;
				ENABLE_STRICT_OBJC_MSGSEND = YES;
				ENABLE_TESTABILITY = YES;
				GCC_C_LANGUAGE_STANDARD = gnu99;
				GCC_DYNAMIC_NO_PIC = NO;
				GCC_NO_COMMON_BLOCKS = YES;
				GCC_OPTIMIZATION_LEVEL = 0;
				GCC_PREPROCESSOR_DEFINITIONS = (
					"DEBUG=1",
					"$(inherited)",
				);
				GCC_WARN_64_TO_32_BIT_CONVERSION = YES;
				GCC_WARN_ABOUT_RETURN_TYPE = YES_ERROR;
				GCC_WARN_UNDECLARED_SELECTOR = YES;
				GCC_WARN_UNINITIALIZED_AUTOS = YES_AGGRESSIVE;
				GCC_WARN_UNUSED_FUNCTION = YES;
				GCC_WARN_UNUSED_VARIABLE = YES;
				IPHONEOS_DEPLOYMENT_TARGET = 8.0;
				MTL_ENABLE_DEBUG_INFO = YES;
				ONLY_ACTIVE_ARCH = YES;
				SDKROOT = iphoneos;
			};
			name = Debug;
		};
		014A3B641C6CF33500B6D375 /* Release */ = {
			isa = XCBuildConfiguration;
			buildSettings = {
				ALWAYS_SEARCH_USER_PATHS = NO;
				CLANG_CXX_LANGUAGE_STANDARD = "gnu++0x";
				CLANG_CXX_LIBRARY = "libc++";
				CLANG_ENABLE_MODULES = YES;
				CLANG_ENABLE_OBJC_ARC = YES;
				CLANG_WARN_BLOCK_CAPTURE_AUTORELEASING = YES;
				CLANG_WARN_BOOL_CONVERSION = YES;
				CLANG_WARN_COMMA = YES;
				CLANG_WARN_CONSTANT_CONVERSION = YES;
				CLANG_WARN_DIRECT_OBJC_ISA_USAGE = YES_ERROR;
				CLANG_WARN_EMPTY_BODY = YES;
				CLANG_WARN_ENUM_CONVERSION = YES;
				CLANG_WARN_INFINITE_RECURSION = YES;
				CLANG_WARN_INT_CONVERSION = YES;
				CLANG_WARN_NON_LITERAL_NULL_CONVERSION = YES;
				CLANG_WARN_OBJC_LITERAL_CONVERSION = YES;
				CLANG_WARN_OBJC_ROOT_CLASS = YES_ERROR;
				CLANG_WARN_RANGE_LOOP_ANALYSIS = YES;
				CLANG_WARN_STRICT_PROTOTYPES = YES;
				CLANG_WARN_SUSPICIOUS_MOVE = YES;
				CLANG_WARN_UNREACHABLE_CODE = YES;
				CLANG_WARN__DUPLICATE_METHOD_MATCH = YES;
				"CODE_SIGN_IDENTITY[sdk=iphoneos*]" = "iPhone Developer";
				COPY_PHASE_STRIP = NO;
				DEBUG_INFORMATION_FORMAT = "dwarf-with-dsym";
				ENABLE_NS_ASSERTIONS = NO;
				ENABLE_STRICT_OBJC_MSGSEND = YES;
				GCC_C_LANGUAGE_STANDARD = gnu99;
				GCC_NO_COMMON_BLOCKS = YES;
				GCC_WARN_64_TO_32_BIT_CONVERSION = YES;
				GCC_WARN_ABOUT_RETURN_TYPE = YES_ERROR;
				GCC_WARN_UNDECLARED_SELECTOR = YES;
				GCC_WARN_UNINITIALIZED_AUTOS = YES_AGGRESSIVE;
				GCC_WARN_UNUSED_FUNCTION = YES;
				GCC_WARN_UNUSED_VARIABLE = YES;
				IPHONEOS_DEPLOYMENT_TARGET = 8.0;
				MTL_ENABLE_DEBUG_INFO = NO;
				SDKROOT = iphoneos;
				VALIDATE_PRODUCT = YES;
			};
			name = Release;
		};
		014A3B661C6CF33500B6D375 /* Debug */ = {
			isa = XCBuildConfiguration;
			buildSettings = {
				HEADER_SEARCH_PATHS = "$(BUILT_PRODUCTS_DIR)/usr/local/include";
				LIBRARY_SEARCH_PATHS = (
					"$(inherited)",
					"$(PROJECT_DIR)$(LOCAL_LIBRARY_DIR)",
				);
				OTHER_LDFLAGS = "-ObjC";
				PRODUCT_NAME = "$(TARGET_NAME)";
				SKIP_INSTALL = YES;
			};
			name = Debug;
		};
		014A3B671C6CF33500B6D375 /* Release */ = {
			isa = XCBuildConfiguration;
			buildSettings = {
				HEADER_SEARCH_PATHS = "$(BUILT_PRODUCTS_DIR)/usr/local/include";
				LIBRARY_SEARCH_PATHS = (
					"$(inherited)",
					"$(PROJECT_DIR)$(LOCAL_LIBRARY_DIR)",
				);
				OTHER_LDFLAGS = "-ObjC";
				PRODUCT_NAME = "$(TARGET_NAME)";
				SKIP_INSTALL = YES;
			};
			name = Release;
		};
/* End XCBuildConfiguration section */

/* Begin XCConfigurationList section */
		014A3B571C6CF33500B6D375 /* Build configuration list for PBXProject "PrinterBridge" */ = {
			isa = XCConfigurationList;
			buildConfigurations = (
				014A3B631C6CF33500B6D375 /* Debug */,
				014A3B641C6CF33500B6D375 /* Release */,
			);
			defaultConfigurationIsVisible = 0;
			defaultConfigurationName = Release;
		};
		014A3B651C6CF33500B6D375 /* Build configuration list for PBXNativeTarget "PrinterBridge" */ = {
			isa = XCConfigurationList;
			buildConfigurations = (
				014A3B661C6CF33500B6D375 /* Debug */,
				014A3B671C6CF33500B6D375 /* Release */,
			);
			defaultConfigurationIsVisible = 0;
			defaultConfigurationName = Release;
		};
/* End XCConfigurationList section */
	};
	rootObject = 014A3B541C6CF33500B6D375 /* Project object */;
}
